// !$*UTF8*$!
{
	archiveVersion = 1;
	classes = {
	};
	objectVersion = 46;
	objects = {

/* Begin PBXBuildFile section */
		F1EE3EE61A9EB0D7005C6B4B /* main.m in Sources */ = {isa = PBXBuildFile; fileRef = F1EE3EE51A9EB0D7005C6B4B /* main.m */; };
		F1EE3EE91A9EB0D7005C6B4B /* AppDelegate.m in Sources */ = {isa = PBXBuildFile; fileRef = F1EE3EE81A9EB0D7005C6B4B /* AppDelegate.m */; };
		F1EE3EEC1A9EB0D7005C6B4B /* ViewController.m in Sources */ = {isa = PBXBuildFile; fileRef = F1EE3EEB1A9EB0D7005C6B4B /* ViewController.m */; };
		F1EE3EEF1A9EB0D7005C6B4B /* Main.storyboard in Resources */ = {isa = PBXBuildFile; fileRef = F1EE3EED1A9EB0D7005C6B4B /* Main.storyboard */; };
		F1EE3EF11A9EB0D7005C6B4B /* Images.xcassets in Resources */ = {isa = PBXBuildFile; fileRef = F1EE3EF01A9EB0D7005C6B4B /* Images.xcassets */; };
		F1EE3EF41A9EB0D7005C6B4B /* LaunchScreen.xib in Resources */ = {isa = PBXBuildFile; fileRef = F1EE3EF21A9EB0D7005C6B4B /* LaunchScreen.xib */; };
		F1EE3F001A9EB0D7005C6B4B /* apiWatchTests.m in Sources */ = {isa = PBXBuildFile; fileRef = F1EE3EFF1A9EB0D7005C6B4B /* apiWatchTests.m */; };
		F1EE3F131A9EB0E5005C6B4B /* InterfaceController.m in Sources */ = {isa = PBXBuildFile; fileRef = F1EE3F121A9EB0E5005C6B4B /* InterfaceController.m */; };
		F1EE3F151A9EB0E5005C6B4B /* Images.xcassets in Resources */ = {isa = PBXBuildFile; fileRef = F1EE3F141A9EB0E5005C6B4B /* Images.xcassets */; };
		F1EE3F191A9EB0E5005C6B4B /* apiWatch WatchKit App.app in Resources */ = {isa = PBXBuildFile; fileRef = F1EE3F181A9EB0E5005C6B4B /* apiWatch WatchKit App.app */; };
		F1EE3F211A9EB0E5005C6B4B /* Interface.storyboard in Resources */ = {isa = PBXBuildFile; fileRef = F1EE3F1F1A9EB0E5005C6B4B /* Interface.storyboard */; };
		F1EE3F231A9EB0E5005C6B4B /* Images.xcassets in Resources */ = {isa = PBXBuildFile; fileRef = F1EE3F221A9EB0E5005C6B4B /* Images.xcassets */; };
		F1EE3F261A9EB0E5005C6B4B /* apiWatch WatchKit Extension.appex in Embed App Extensions */ = {isa = PBXBuildFile; fileRef = F1EE3F0D1A9EB0E5005C6B4B /* apiWatch WatchKit Extension.appex */; settings = {ATTRIBUTES = (RemoveHeadersOnCopy, ); }; };
/* End PBXBuildFile section */

/* Begin PBXContainerItemProxy section */
		F1EE3EFA1A9EB0D7005C6B4B /* PBXContainerItemProxy */ = {
			isa = PBXContainerItemProxy;
			containerPortal = F1EE3ED81A9EB0D7005C6B4B /* Project object */;
			proxyType = 1;
			remoteGlobalIDString = F1EE3EDF1A9EB0D7005C6B4B;
			remoteInfo = apiWatch;
		};
		F1EE3F1A1A9EB0E5005C6B4B /* PBXContainerItemProxy */ = {
			isa = PBXContainerItemProxy;
			containerPortal = F1EE3ED81A9EB0D7005C6B4B /* Project object */;
			proxyType = 1;
			remoteGlobalIDString = F1EE3F171A9EB0E5005C6B4B;
			remoteInfo = "apiWatch WatchKit App";
		};
		F1EE3F241A9EB0E5005C6B4B /* PBXContainerItemProxy */ = {
			isa = PBXContainerItemProxy;
			containerPortal = F1EE3ED81A9EB0D7005C6B4B /* Project object */;
			proxyType = 1;
			remoteGlobalIDString = F1EE3F0C1A9EB0E5005C6B4B;
			remoteInfo = "apiWatch WatchKit Extension";
		};
/* End PBXContainerItemProxy section */

/* Begin PBXCopyFilesBuildPhase section */
		F1EE3F2D1A9EB0E5005C6B4B /* Embed App Extensions */ = {
			isa = PBXCopyFilesBuildPhase;
			buildActionMask = 2147483647;
			dstPath = "";
			dstSubfolderSpec = 13;
			files = (
				F1EE3F261A9EB0E5005C6B4B /* apiWatch WatchKit Extension.appex in Embed App Extensions */,
			);
			name = "Embed App Extensions";
			runOnlyForDeploymentPostprocessing = 0;
		};
/* End PBXCopyFilesBuildPhase section */

/* Begin PBXFileReference section */
		F1EE3EE01A9EB0D7005C6B4B /* apiWatch.app */ = {isa = PBXFileReference; explicitFileType = wrapper.application; includeInIndex = 0; path = apiWatch.app; sourceTree = BUILT_PRODUCTS_DIR; };
		F1EE3EE41A9EB0D7005C6B4B /* Info.plist */ = {isa = PBXFileReference; lastKnownFileType = text.plist.xml; path = Info.plist; sourceTree = "<group>"; };
		F1EE3EE51A9EB0D7005C6B4B /* main.m */ = {isa = PBXFileReference; lastKnownFileType = sourcecode.c.objc; path = main.m; sourceTree = "<group>"; };
		F1EE3EE71A9EB0D7005C6B4B /* AppDelegate.h */ = {isa = PBXFileReference; lastKnownFileType = sourcecode.c.h; path = AppDelegate.h; sourceTree = "<group>"; };
		F1EE3EE81A9EB0D7005C6B4B /* AppDelegate.m */ = {isa = PBXFileReference; lastKnownFileType = sourcecode.c.objc; path = AppDelegate.m; sourceTree = "<group>"; };
		F1EE3EEA1A9EB0D7005C6B4B /* ViewController.h */ = {isa = PBXFileReference; lastKnownFileType = sourcecode.c.h; path = ViewController.h; sourceTree = "<group>"; };
		F1EE3EEB1A9EB0D7005C6B4B /* ViewController.m */ = {isa = PBXFileReference; lastKnownFileType = sourcecode.c.objc; path = ViewController.m; sourceTree = "<group>"; };
		F1EE3EEE1A9EB0D7005C6B4B /* Base */ = {isa = PBXFileReference; lastKnownFileType = file.storyboard; name = Base; path = Base.lproj/Main.storyboard; sourceTree = "<group>"; };
		F1EE3EF01A9EB0D7005C6B4B /* Images.xcassets */ = {isa = PBXFileReference; lastKnownFileType = folder.assetcatalog; path = Images.xcassets; sourceTree = "<group>"; };
		F1EE3EF31A9EB0D7005C6B4B /* Base */ = {isa = PBXFileReference; lastKnownFileType = file.xib; name = Base; path = Base.lproj/LaunchScreen.xib; sourceTree = "<group>"; };
		F1EE3EF91A9EB0D7005C6B4B /* apiWatchTests.xctest */ = {isa = PBXFileReference; explicitFileType = wrapper.cfbundle; includeInIndex = 0; path = apiWatchTests.xctest; sourceTree = BUILT_PRODUCTS_DIR; };
		F1EE3EFE1A9EB0D7005C6B4B /* Info.plist */ = {isa = PBXFileReference; lastKnownFileType = text.plist.xml; path = Info.plist; sourceTree = "<group>"; };
		F1EE3EFF1A9EB0D7005C6B4B /* apiWatchTests.m */ = {isa = PBXFileReference; lastKnownFileType = sourcecode.c.objc; path = apiWatchTests.m; sourceTree = "<group>"; };
		F1EE3F0D1A9EB0E5005C6B4B /* apiWatch WatchKit Extension.appex */ = {isa = PBXFileReference; explicitFileType = "wrapper.app-extension"; includeInIndex = 0; path = "apiWatch WatchKit Extension.appex"; sourceTree = BUILT_PRODUCTS_DIR; };
		F1EE3F101A9EB0E5005C6B4B /* Info.plist */ = {isa = PBXFileReference; lastKnownFileType = text.plist.xml; path = Info.plist; sourceTree = "<group>"; };
		F1EE3F111A9EB0E5005C6B4B /* InterfaceController.h */ = {isa = PBXFileReference; lastKnownFileType = sourcecode.c.h; path = InterfaceController.h; sourceTree = "<group>"; };
		F1EE3F121A9EB0E5005C6B4B /* InterfaceController.m */ = {isa = PBXFileReference; lastKnownFileType = sourcecode.c.objc; path = InterfaceController.m; sourceTree = "<group>"; };
		F1EE3F141A9EB0E5005C6B4B /* Images.xcassets */ = {isa = PBXFileReference; lastKnownFileType = folder.assetcatalog; path = Images.xcassets; sourceTree = "<group>"; };
		F1EE3F181A9EB0E5005C6B4B /* apiWatch WatchKit App.app */ = {isa = PBXFileReference; explicitFileType = wrapper.application; includeInIndex = 0; path = "apiWatch WatchKit App.app"; sourceTree = BUILT_PRODUCTS_DIR; };
		F1EE3F1E1A9EB0E5005C6B4B /* Info.plist */ = {isa = PBXFileReference; lastKnownFileType = text.plist.xml; path = Info.plist; sourceTree = "<group>"; };
		F1EE3F201A9EB0E5005C6B4B /* Base */ = {isa = PBXFileReference; lastKnownFileType = file.storyboard; name = Base; path = Base.lproj/Interface.storyboard; sourceTree = "<group>"; };
		F1EE3F221A9EB0E5005C6B4B /* Images.xcassets */ = {isa = PBXFileReference; lastKnownFileType = folder.assetcatalog; path = Images.xcassets; sourceTree = "<group>"; };
/* End PBXFileReference section */

/* Begin PBXFrameworksBuildPhase section */
		F1EE3EDD1A9EB0D7005C6B4B /* Frameworks */ = {
			isa = PBXFrameworksBuildPhase;
			buildActionMask = 2147483647;
			files = (
			);
			runOnlyForDeploymentPostprocessing = 0;
		};
		F1EE3EF61A9EB0D7005C6B4B /* Frameworks */ = {
			isa = PBXFrameworksBuildPhase;
			buildActionMask = 2147483647;
			files = (
			);
			runOnlyForDeploymentPostprocessing = 0;
		};
		F1EE3F0A1A9EB0E5005C6B4B /* Frameworks */ = {
			isa = PBXFrameworksBuildPhase;
			buildActionMask = 2147483647;
			files = (
			);
			runOnlyForDeploymentPostprocessing = 0;
		};
/* End PBXFrameworksBuildPhase section */

/* Begin PBXGroup section */
		F1EE3ED71A9EB0D7005C6B4B = {
			isa = PBXGroup;
			children = (
				F1EE3EE21A9EB0D7005C6B4B /* apiWatch */,
				F1EE3EFC1A9EB0D7005C6B4B /* apiWatchTests */,
				F1EE3F0E1A9EB0E5005C6B4B /* apiWatch WatchKit Extension */,
				F1EE3F1C1A9EB0E5005C6B4B /* apiWatch WatchKit App */,
				F1EE3EE11A9EB0D7005C6B4B /* Products */,
			);
			sourceTree = "<group>";
		};
		F1EE3EE11A9EB0D7005C6B4B /* Products */ = {
			isa = PBXGroup;
			children = (
				F1EE3EE01A9EB0D7005C6B4B /* apiWatch.app */,
				F1EE3EF91A9EB0D7005C6B4B /* apiWatchTests.xctest */,
				F1EE3F0D1A9EB0E5005C6B4B /* apiWatch WatchKit Extension.appex */,
				F1EE3F181A9EB0E5005C6B4B /* apiWatch WatchKit App.app */,
			);
			name = Products;
			sourceTree = "<group>";
		};
		F1EE3EE21A9EB0D7005C6B4B /* apiWatch */ = {
			isa = PBXGroup;
			children = (
				F1EE3EE71A9EB0D7005C6B4B /* AppDelegate.h */,
				F1EE3EE81A9EB0D7005C6B4B /* AppDelegate.m */,
				F1EE3EEA1A9EB0D7005C6B4B /* ViewController.h */,
				F1EE3EEB1A9EB0D7005C6B4B /* ViewController.m */,
				F1EE3EED1A9EB0D7005C6B4B /* Main.storyboard */,
				F1EE3EF01A9EB0D7005C6B4B /* Images.xcassets */,
				F1EE3EF21A9EB0D7005C6B4B /* LaunchScreen.xib */,
				F1EE3EE31A9EB0D7005C6B4B /* Supporting Files */,
			);
			path = apiWatch;
			sourceTree = "<group>";
		};
		F1EE3EE31A9EB0D7005C6B4B /* Supporting Files */ = {
			isa = PBXGroup;
			children = (
				F1EE3EE41A9EB0D7005C6B4B /* Info.plist */,
				F1EE3EE51A9EB0D7005C6B4B /* main.m */,
			);
			name = "Supporting Files";
			sourceTree = "<group>";
		};
		F1EE3EFC1A9EB0D7005C6B4B /* apiWatchTests */ = {
			isa = PBXGroup;
			children = (
				F1EE3EFF1A9EB0D7005C6B4B /* apiWatchTests.m */,
				F1EE3EFD1A9EB0D7005C6B4B /* Supporting Files */,
			);
			path = apiWatchTests;
			sourceTree = "<group>";
		};
		F1EE3EFD1A9EB0D7005C6B4B /* Supporting Files */ = {
			isa = PBXGroup;
			children = (
				F1EE3EFE1A9EB0D7005C6B4B /* Info.plist */,
			);
			name = "Supporting Files";
			sourceTree = "<group>";
		};
		F1EE3F0E1A9EB0E5005C6B4B /* apiWatch WatchKit Extension */ = {
			isa = PBXGroup;
			children = (
				F1EE3F111A9EB0E5005C6B4B /* InterfaceController.h */,
				F1EE3F121A9EB0E5005C6B4B /* InterfaceController.m */,
				F1EE3F141A9EB0E5005C6B4B /* Images.xcassets */,
				F1EE3F0F1A9EB0E5005C6B4B /* Supporting Files */,
			);
			path = "apiWatch WatchKit Extension";
			sourceTree = "<group>";
		};
		F1EE3F0F1A9EB0E5005C6B4B /* Supporting Files */ = {
			isa = PBXGroup;
			children = (
				F1EE3F101A9EB0E5005C6B4B /* Info.plist */,
			);
			name = "Supporting Files";
			sourceTree = "<group>";
		};
		F1EE3F1C1A9EB0E5005C6B4B /* apiWatch WatchKit App */ = {
			isa = PBXGroup;
			children = (
				F1EE3F1F1A9EB0E5005C6B4B /* Interface.storyboard */,
				F1EE3F221A9EB0E5005C6B4B /* Images.xcassets */,
				F1EE3F1D1A9EB0E5005C6B4B /* Supporting Files */,
			);
			path = "apiWatch WatchKit App";
			sourceTree = "<group>";
		};
		F1EE3F1D1A9EB0E5005C6B4B /* Supporting Files */ = {
			isa = PBXGroup;
			children = (
				F1EE3F1E1A9EB0E5005C6B4B /* Info.plist */,
			);
			name = "Supporting Files";
			sourceTree = "<group>";
		};
/* End PBXGroup section */

/* Begin PBXNativeTarget section */
		F1EE3EDF1A9EB0D7005C6B4B /* apiWatch */ = {
			isa = PBXNativeTarget;
			buildConfigurationList = F1EE3F031A9EB0D7005C6B4B /* Build configuration list for PBXNativeTarget "apiWatch" */;
			buildPhases = (
				F1EE3EDC1A9EB0D7005C6B4B /* Sources */,
				F1EE3EDD1A9EB0D7005C6B4B /* Frameworks */,
				F1EE3EDE1A9EB0D7005C6B4B /* Resources */,
				F1EE3F2D1A9EB0E5005C6B4B /* Embed App Extensions */,
			);
			buildRules = (
			);
			dependencies = (
				F1EE3F251A9EB0E5005C6B4B /* PBXTargetDependency */,
			);
			name = apiWatch;
			productName = apiWatch;
			productReference = F1EE3EE01A9EB0D7005C6B4B /* apiWatch.app */;
			productType = "com.apple.product-type.application";
		};
		F1EE3EF81A9EB0D7005C6B4B /* apiWatchTests */ = {
			isa = PBXNativeTarget;
			buildConfigurationList = F1EE3F061A9EB0D7005C6B4B /* Build configuration list for PBXNativeTarget "apiWatchTests" */;
			buildPhases = (
				F1EE3EF51A9EB0D7005C6B4B /* Sources */,
				F1EE3EF61A9EB0D7005C6B4B /* Frameworks */,
				F1EE3EF71A9EB0D7005C6B4B /* Resources */,
			);
			buildRules = (
			);
			dependencies = (
				F1EE3EFB1A9EB0D7005C6B4B /* PBXTargetDependency */,
			);
			name = apiWatchTests;
			productName = apiWatchTests;
			productReference = F1EE3EF91A9EB0D7005C6B4B /* apiWatchTests.xctest */;
			productType = "com.apple.product-type.bundle.unit-test";
		};
		F1EE3F0C1A9EB0E5005C6B4B /* apiWatch WatchKit Extension */ = {
			isa = PBXNativeTarget;
			buildConfigurationList = F1EE3F2A1A9EB0E5005C6B4B /* Build configuration list for PBXNativeTarget "apiWatch WatchKit Extension" */;
			buildPhases = (
				F1EE3F091A9EB0E5005C6B4B /* Sources */,
				F1EE3F0A1A9EB0E5005C6B4B /* Frameworks */,
				F1EE3F0B1A9EB0E5005C6B4B /* Resources */,
			);
			buildRules = (
			);
			dependencies = (
				F1EE3F1B1A9EB0E5005C6B4B /* PBXTargetDependency */,
			);
			name = "apiWatch WatchKit Extension";
			productName = "apiWatch WatchKit Extension";
			productReference = F1EE3F0D1A9EB0E5005C6B4B /* apiWatch WatchKit Extension.appex */;
			productType = "com.apple.product-type.watchkit-extension";
		};
		F1EE3F171A9EB0E5005C6B4B /* apiWatch WatchKit App */ = {
			isa = PBXNativeTarget;
			buildConfigurationList = F1EE3F271A9EB0E5005C6B4B /* Build configuration list for PBXNativeTarget "apiWatch WatchKit App" */;
			buildPhases = (
				F1EE3F161A9EB0E5005C6B4B /* Resources */,
			);
			buildRules = (
			);
			dependencies = (
			);
			name = "apiWatch WatchKit App";
			productName = "apiWatch WatchKit App";
			productReference = F1EE3F181A9EB0E5005C6B4B /* apiWatch WatchKit App.app */;
			productType = "com.apple.product-type.application.watchapp";
		};
/* End PBXNativeTarget section */

/* Begin PBXProject section */
		F1EE3ED81A9EB0D7005C6B4B /* Project object */ = {
			isa = PBXProject;
			attributes = {
				LastUpgradeCheck = 0620;
				ORGANIZATIONNAME = "YOONSUN LEE";
				TargetAttributes = {
					F1EE3EDF1A9EB0D7005C6B4B = {
						CreatedOnToolsVersion = 6.2;
					};
					F1EE3EF81A9EB0D7005C6B4B = {
						CreatedOnToolsVersion = 6.2;
						TestTargetID = F1EE3EDF1A9EB0D7005C6B4B;
					};
					F1EE3F0C1A9EB0E5005C6B4B = {
						CreatedOnToolsVersion = 6.2;
					};
					F1EE3F171A9EB0E5005C6B4B = {
						CreatedOnToolsVersion = 6.2;
					};
				};
			};
			buildConfigurationList = F1EE3EDB1A9EB0D7005C6B4B /* Build configuration list for PBXProject "apiWatch" */;
			compatibilityVersion = "Xcode 3.2";
			developmentRegion = English;
			hasScannedForEncodings = 0;
			knownRegions = (
				en,
				Base,
			);
			mainGroup = F1EE3ED71A9EB0D7005C6B4B;
			productRefGroup = F1EE3EE11A9EB0D7005C6B4B /* Products */;
			projectDirPath = "";
			projectRoot = "";
			targets = (
				F1EE3EDF1A9EB0D7005C6B4B /* apiWatch */,
				F1EE3EF81A9EB0D7005C6B4B /* apiWatchTests */,
				F1EE3F0C1A9EB0E5005C6B4B /* apiWatch WatchKit Extension */,
				F1EE3F171A9EB0E5005C6B4B /* apiWatch WatchKit App */,
			);
		};
/* End PBXProject section */

/* Begin PBXResourcesBuildPhase section */
		F1EE3EDE1A9EB0D7005C6B4B /* Resources */ = {
			isa = PBXResourcesBuildPhase;
			buildActionMask = 2147483647;
			files = (
				F1EE3EEF1A9EB0D7005C6B4B /* Main.storyboard in Resources */,
				F1EE3EF41A9EB0D7005C6B4B /* LaunchScreen.xib in Resources */,
				F1EE3EF11A9EB0D7005C6B4B /* Images.xcassets in Resources */,
			);
			runOnlyForDeploymentPostprocessing = 0;
		};
		F1EE3EF71A9EB0D7005C6B4B /* Resources */ = {
			isa = PBXResourcesBuildPhase;
			buildActionMask = 2147483647;
			files = (
			);
			runOnlyForDeploymentPostprocessing = 0;
		};
		F1EE3F0B1A9EB0E5005C6B4B /* Resources */ = {
			isa = PBXResourcesBuildPhase;
			buildActionMask = 2147483647;
			files = (
				F1EE3F151A9EB0E5005C6B4B /* Images.xcassets in Resources */,
				F1EE3F191A9EB0E5005C6B4B /* apiWatch WatchKit App.app in Resources */,
			);
			runOnlyForDeploymentPostprocessing = 0;
		};
		F1EE3F161A9EB0E5005C6B4B /* Resources */ = {
			isa = PBXResourcesBuildPhase;
			buildActionMask = 2147483647;
			files = (
				F1EE3F211A9EB0E5005C6B4B /* Interface.storyboard in Resources */,
				F1EE3F231A9EB0E5005C6B4B /* Images.xcassets in Resources */,
			);
			runOnlyForDeploymentPostprocessing = 0;
		};
/* End PBXResourcesBuildPhase section */

/* Begin PBXSourcesBuildPhase section */
		F1EE3EDC1A9EB0D7005C6B4B /* Sources */ = {
			isa = PBXSourcesBuildPhase;
			buildActionMask = 2147483647;
			files = (
				F1EE3EEC1A9EB0D7005C6B4B /* ViewController.m in Sources */,
				F1EE3EE91A9EB0D7005C6B4B /* AppDelegate.m in Sources */,
				F1EE3EE61A9EB0D7005C6B4B /* main.m in Sources */,
			);
			runOnlyForDeploymentPostprocessing = 0;
		};
		F1EE3EF51A9EB0D7005C6B4B /* Sources */ = {
			isa = PBXSourcesBuildPhase;
			buildActionMask = 2147483647;
			files = (
				F1EE3F001A9EB0D7005C6B4B /* apiWatchTests.m in Sources */,
			);
			runOnlyForDeploymentPostprocessing = 0;
		};
		F1EE3F091A9EB0E5005C6B4B /* Sources */ = {
			isa = PBXSourcesBuildPhase;
			buildActionMask = 2147483647;
			files = (
				F1EE3F131A9EB0E5005C6B4B /* InterfaceController.m in Sources */,
			);
			runOnlyForDeploymentPostprocessing = 0;
		};
/* End PBXSourcesBuildPhase section */

/* Begin PBXTargetDependency section */
		F1EE3EFB1A9EB0D7005C6B4B /* PBXTargetDependency */ = {
			isa = PBXTargetDependency;
			target = F1EE3EDF1A9EB0D7005C6B4B /* apiWatch */;
			targetProxy = F1EE3EFA1A9EB0D7005C6B4B /* PBXContainerItemProxy */;
		};
		F1EE3F1B1A9EB0E5005C6B4B /* PBXTargetDependency */ = {
			isa = PBXTargetDependency;
			target = F1EE3F171A9EB0E5005C6B4B /* apiWatch WatchKit App */;
			targetProxy = F1EE3F1A1A9EB0E5005C6B4B /* PBXContainerItemProxy */;
		};
		F1EE3F251A9EB0E5005C6B4B /* PBXTargetDependency */ = {
			isa = PBXTargetDependency;
			target = F1EE3F0C1A9EB0E5005C6B4B /* apiWatch WatchKit Extension */;
			targetProxy = F1EE3F241A9EB0E5005C6B4B /* PBXContainerItemProxy */;
		};
/* End PBXTargetDependency section */

/* Begin PBXVariantGroup section */
		F1EE3EED1A9EB0D7005C6B4B /* Main.storyboard */ = {
			isa = PBXVariantGroup;
			children = (
				F1EE3EEE1A9EB0D7005C6B4B /* Base */,
			);
			name = Main.storyboard;
			sourceTree = "<group>";
		};
		F1EE3EF21A9EB0D7005C6B4B /* LaunchScreen.xib */ = {
			isa = PBXVariantGroup;
			children = (
				F1EE3EF31A9EB0D7005C6B4B /* Base */,
			);
			name = LaunchScreen.xib;
			sourceTree = "<group>";
		};
		F1EE3F1F1A9EB0E5005C6B4B /* Interface.storyboard */ = {
			isa = PBXVariantGroup;
			children = (
				F1EE3F201A9EB0E5005C6B4B /* Base */,
			);
			name = Interface.storyboard;
			sourceTree = "<group>";
		};
/* End PBXVariantGroup section */

/* Begin XCBuildConfiguration section */
		F1EE3F011A9EB0D7005C6B4B /* Debug */ = {
			isa = XCBuildConfiguration;
			buildSettings = {
				ALWAYS_SEARCH_USER_PATHS = NO;
				CLANG_CXX_LANGUAGE_STANDARD = "gnu++0x";
				CLANG_CXX_LIBRARY = "libc++";
				CLANG_ENABLE_MODULES = YES;
				CLANG_ENABLE_OBJC_ARC = YES;
				CLANG_WARN_BOOL_CONVERSION = YES;
				CLANG_WARN_CONSTANT_CONVERSION = YES;
				CLANG_WARN_DIRECT_OBJC_ISA_USAGE = YES_ERROR;
				CLANG_WARN_EMPTY_BODY = YES;
				CLANG_WARN_ENUM_CONVERSION = YES;
				CLANG_WARN_INT_CONVERSION = YES;
				CLANG_WARN_OBJC_ROOT_CLASS = YES_ERROR;
				CLANG_WARN_UNREACHABLE_CODE = YES;
				CLANG_WARN__DUPLICATE_METHOD_MATCH = YES;
				"CODE_SIGN_IDENTITY[sdk=iphoneos*]" = "iPhone Developer";
				COPY_PHASE_STRIP = NO;
				ENABLE_STRICT_OBJC_MSGSEND = YES;
				GCC_C_LANGUAGE_STANDARD = gnu99;
				GCC_DYNAMIC_NO_PIC = NO;
				GCC_OPTIMIZATION_LEVEL = 0;
				GCC_PREPROCESSOR_DEFINITIONS = (
					"DEBUG=1",
					"$(inherited)",
				);
				GCC_SYMBOLS_PRIVATE_EXTERN = NO;
				GCC_WARN_64_TO_32_BIT_CONVERSION = YES;
				GCC_WARN_ABOUT_RETURN_TYPE = YES_ERROR;
				GCC_WARN_UNDECLARED_SELECTOR = YES;
				GCC_WARN_UNINITIALIZED_AUTOS = YES_AGGRESSIVE;
				GCC_WARN_UNUSED_FUNCTION = YES;
				GCC_WARN_UNUSED_VARIABLE = YES;
				IPHONEOS_DEPLOYMENT_TARGET = 8.2;
				MTL_ENABLE_DEBUG_INFO = YES;
				ONLY_ACTIVE_ARCH = YES;
				SDKROOT = iphoneos;
			};
			name = Debug;
		};
		F1EE3F021A9EB0D7005C6B4B /* Release */ = {
			isa = XCBuildConfiguration;
			buildSettings = {
				ALWAYS_SEARCH_USER_PATHS = NO;
				CLANG_CXX_LANGUAGE_STANDARD = "gnu++0x";
				CLANG_CXX_LIBRARY = "libc++";
				CLANG_ENABLE_MODULES = YES;
				CLANG_ENABLE_OBJC_ARC = YES;
				CLANG_WARN_BOOL_CONVERSION = YES;
				CLANG_WARN_CONSTANT_CONVERSION = YES;
				CLANG_WARN_DIRECT_OBJC_ISA_USAGE = YES_ERROR;
				CLANG_WARN_EMPTY_BODY = YES;
				CLANG_WARN_ENUM_CONVERSION = YES;
				CLANG_WARN_INT_CONVERSION = YES;
				CLANG_WARN_OBJC_ROOT_CLASS = YES_ERROR;
				CLANG_WARN_UNREACHABLE_CODE = YES;
				CLANG_WARN__DUPLICATE_METHOD_MATCH = YES;
				"CODE_SIGN_IDENTITY[sdk=iphoneos*]" = "iPhone Developer";
				COPY_PHASE_STRIP = NO;
				ENABLE_NS_ASSERTIONS = NO;
				ENABLE_STRICT_OBJC_MSGSEND = YES;
				GCC_C_LANGUAGE_STANDARD = gnu99;
				GCC_WARN_64_TO_32_BIT_CONVERSION = YES;
				GCC_WARN_ABOUT_RETURN_TYPE = YES_ERROR;
				GCC_WARN_UNDECLARED_SELECTOR = YES;
				GCC_WARN_UNINITIALIZED_AUTOS = YES_AGGRESSIVE;
				GCC_WARN_UNUSED_FUNCTION = YES;
				GCC_WARN_UNUSED_VARIABLE = YES;
				IPHONEOS_DEPLOYMENT_TARGET = 8.2;
				MTL_ENABLE_DEBUG_INFO = NO;
				SDKROOT = iphoneos;
				VALIDATE_PRODUCT = YES;
			};
			name = Release;
		};
		F1EE3F041A9EB0D7005C6B4B /* Debug */ = {
			isa = XCBuildConfiguration;
			buildSettings = {
				ASSETCATALOG_COMPILER_APPICON_NAME = AppIcon;
				INFOPLIST_FILE = apiWatch/Info.plist;
				LD_RUNPATH_SEARCH_PATHS = "$(inherited) @executable_path/Frameworks";
				PRODUCT_NAME = "$(TARGET_NAME)";
			};
			name = Debug;
		};
		F1EE3F051A9EB0D7005C6B4B /* Release */ = {
			isa = XCBuildConfiguration;
			buildSettings = {
				ASSETCATALOG_COMPILER_APPICON_NAME = AppIcon;
				INFOPLIST_FILE = apiWatch/Info.plist;
				LD_RUNPATH_SEARCH_PATHS = "$(inherited) @executable_path/Frameworks";
				PRODUCT_NAME = "$(TARGET_NAME)";
			};
			name = Release;
		};
		F1EE3F071A9EB0D7005C6B4B /* Debug */ = {
			isa = XCBuildConfiguration;
			buildSettings = {
				BUNDLE_LOADER = "$(TEST_HOST)";
				FRAMEWORK_SEARCH_PATHS = (
					"$(SDKROOT)/Developer/Library/Frameworks",
					"$(inherited)",
				);
				GCC_PREPROCESSOR_DEFINITIONS = (
					"DEBUG=1",
					"$(inherited)",
				);
				INFOPLIST_FILE = apiWatchTests/Info.plist;
				LD_RUNPATH_SEARCH_PATHS = "$(inherited) @executable_path/Frameworks @loader_path/Frameworks";
				PRODUCT_NAME = "$(TARGET_NAME)";
				TEST_HOST = "$(BUILT_PRODUCTS_DIR)/apiWatch.app/apiWatch";
			};
			name = Debug;
		};
		F1EE3F081A9EB0D7005C6B4B /* Release */ = {
			isa = XCBuildConfiguration;
			buildSettings = {
				BUNDLE_LOADER = "$(TEST_HOST)";
				FRAMEWORK_SEARCH_PATHS = (
					"$(SDKROOT)/Developer/Library/Frameworks",
					"$(inherited)",
				);
				INFOPLIST_FILE = apiWatchTests/Info.plist;
				LD_RUNPATH_SEARCH_PATHS = "$(inherited) @executable_path/Frameworks @loader_path/Frameworks";
				PRODUCT_NAME = "$(TARGET_NAME)";
				TEST_HOST = "$(BUILT_PRODUCTS_DIR)/apiWatch.app/apiWatch";
			};
			name = Release;
		};
		F1EE3F281A9EB0E5005C6B4B /* Debug */ = {
			isa = XCBuildConfiguration;
			buildSettings = {
				ASSETCATALOG_COMPILER_APPICON_NAME = AppIcon;
				GCC_PREPROCESSOR_DEFINITIONS = (
					"DEBUG=1",
					"$(inherited)",
				);
				IBSC_MODULE = apiWatch_WatchKit_Extension;
				INFOPLIST_FILE = "apiWatch WatchKit App/Info.plist";
				PRODUCT_NAME = "$(TARGET_NAME)";
				SKIP_INSTALL = YES;
				TARGETED_DEVICE_FAMILY = 4;
				"TARGETED_DEVICE_FAMILY[sdk=iphonesimulator*]" = "1,4";
			};
			name = Debug;
		};
		F1EE3F291A9EB0E5005C6B4B /* Release */ = {
			isa = XCBuildConfiguration;
			buildSettings = {
				ASSETCATALOG_COMPILER_APPICON_NAME = AppIcon;
				IBSC_MODULE = apiWatch_WatchKit_Extension;
				INFOPLIST_FILE = "apiWatch WatchKit App/Info.plist";
				PRODUCT_NAME = "$(TARGET_NAME)";
				SKIP_INSTALL = YES;
				TARGETED_DEVICE_FAMILY = 4;
				"TARGETED_DEVICE_FAMILY[sdk=iphonesimulator*]" = "1,4";
			};
			name = Release;
		};
		F1EE3F2B1A9EB0E5005C6B4B /* Debug */ = {
			isa = XCBuildConfiguration;
			buildSettings = {
				GCC_PREPROCESSOR_DEFINITIONS = (
					"DEBUG=1",
					"$(inherited)",
				);
				INFOPLIST_FILE = "apiWatch WatchKit Extension/Info.plist";
				LD_RUNPATH_SEARCH_PATHS = "$(inherited) @executable_path/Frameworks @executable_path/../../Frameworks";
				PRODUCT_NAME = "${TARGET_NAME}";
				SKIP_INSTALL = YES;
			};
			name = Debug;
		};
		F1EE3F2C1A9EB0E5005C6B4B /* Release */ = {
			isa = XCBuildConfiguration;
			buildSettings = {
				INFOPLIST_FILE = "apiWatch WatchKit Extension/Info.plist";
				LD_RUNPATH_SEARCH_PATHS = "$(inherited) @executable_path/Frameworks @executable_path/../../Frameworks";
				PRODUCT_NAME = "${TARGET_NAME}";
				SKIP_INSTALL = YES;
			};
			name = Release;
		};
/* End XCBuildConfiguration section */

/* Begin XCConfigurationList section */
		F1EE3EDB1A9EB0D7005C6B4B /* Build configuration list for PBXProject "apiWatch" */ = {
			isa = XCConfigurationList;
			buildConfigurations = (
				F1EE3F011A9EB0D7005C6B4B /* Debug */,
				F1EE3F021A9EB0D7005C6B4B /* Release */,
			);
			defaultConfigurationIsVisible = 0;
			defaultConfigurationName = Release;
		};
		F1EE3F031A9EB0D7005C6B4B /* Build configuration list for PBXNativeTarget "apiWatch" */ = {
			isa = XCConfigurationList;
			buildConfigurations = (
				F1EE3F041A9EB0D7005C6B4B /* Debug */,
				F1EE3F051A9EB0D7005C6B4B /* Release */,
			);
			defaultConfigurationIsVisible = 0;
		};
		F1EE3F061A9EB0D7005C6B4B /* Build configuration list for PBXNativeTarget "apiWatchTests" */ = {
			isa = XCConfigurationList;
			buildConfigurations = (
				F1EE3F071A9EB0D7005C6B4B /* Debug */,
				F1EE3F081A9EB0D7005C6B4B /* Release */,
			);
			defaultConfigurationIsVisible = 0;
		};
		F1EE3F271A9EB0E5005C6B4B /* Build configuration list for PBXNativeTarget "apiWatch WatchKit App" */ = {
			isa = XCConfigurationList;
			buildConfigurations = (
				F1EE3F281A9EB0E5005C6B4B /* Debug */,
				F1EE3F291A9EB0E5005C6B4B /* Release */,
			);
			defaultConfigurationIsVisible = 0;
		};
		F1EE3F2A1A9EB0E5005C6B4B /* Build configuration list for PBXNativeTarget "apiWatch WatchKit Extension" */ = {
			isa = XCConfigurationList;
			buildConfigurations = (
				F1EE3F2B1A9EB0E5005C6B4B /* Debug */,
				F1EE3F2C1A9EB0E5005C6B4B /* Release */,
			);
			defaultConfigurationIsVisible = 0;
		};
/* End XCConfigurationList section */
	};
	rootObject = F1EE3ED81A9EB0D7005C6B4B /* Project object */;
}
